
Microsoft Visual Studio Solution File, Format Version 12.00
# Visual Studio Version 17
VisualStudioVersion = 17.9.34728.123
MinimumVisualStudioVersion = 10.0.40219.1
Project("{9A19103F-16F7-4668-BE54-9A1E7A4F7556}") = "TagsCloudVisualization", "TagsCloudVisualization\TagsCloudVisualization.csproj", "{7594A877-BFE5-4234-B23A-B2B0F283AE30}"
EndProject
Project("{FAE04EC0-301F-11D3-BF4B-00C04F79EFBC}") = "TagsCloudVisualizationTests", "TagsCloudVisualizationTests\TagsCloudVisualizationTests.csproj", "{F016D320-B46A-4523-BFF2-CF3C06C645FB}"
EndProject
Global
	GlobalSection(SolutionConfigurationPlatforms) = preSolution
		Debug|Any CPU = Debug|Any CPU
		Release|Any CPU = Release|Any CPU
	EndGlobalSection
	GlobalSection(ProjectConfigurationPlatforms) = postSolution
		{7594A877-BFE5-4234-B23A-B2B0F283AE30}.Debug|Any CPU.ActiveCfg = Debug|Any CPU
		{7594A877-BFE5-4234-B23A-B2B0F283AE30}.Debug|Any CPU.Build.0 = Debug|Any CPU
		{7594A877-BFE5-4234-B23A-B2B0F283AE30}.Release|Any CPU.ActiveCfg = Release|Any CPU
		{7594A877-BFE5-4234-B23A-B2B0F283AE30}.Release|Any CPU.Build.0 = Release|Any CPU
		{F016D320-B46A-4523-BFF2-CF3C06C645FB}.Debug|Any CPU.ActiveCfg = Debug|Any CPU
		{F016D320-B46A-4523-BFF2-CF3C06C645FB}.Debug|Any CPU.Build.0 = Debug|Any CPU
		{F016D320-B46A-4523-BFF2-CF3C06C645FB}.Release|Any CPU.ActiveCfg = Release|Any CPU
		{F016D320-B46A-4523-BFF2-CF3C06C645FB}.Release|Any CPU.Build.0 = Release|Any CPU
	EndGlobalSection
	GlobalSection(SolutionProperties) = preSolution
		HideSolutionNode = FALSE
	EndGlobalSection
	GlobalSection(ExtensibilityGlobals) = postSolution
		SolutionGuid = {BD544499-AAEC-4861-BD99-64FB92ED655A}
	EndGlobalSection
EndGlobal
